{
  "name": "jeux-web-clavier",
  "version": "1.0.0",
  "lockfileVersion": 3,
  "requires": true,
  "packages": {
    "": {
      "name": "jeux-web-clavier",
      "version": "1.0.0",
      "license": "ISC",
      "dependencies": {
        "esm": "^3.2.25"
      },
      "devDependencies": {
        "@faker-js/faker": "^8.3.1"
      }
    },
    "node_modules/@faker-js/faker": {
      "version": "8.3.1",
      "resolved": "https://registry.npmjs.org/@faker-js/faker/-/faker-8.3.1.tgz",
      "integrity": "sha512-FdgpFxY6V6rLZE9mmIBb9hM0xpfvQOSNOLnzolzKwsE1DH+gC7lEKV1p1IbR0lAYyvYd5a4u3qWJzowUkw1bIw==",
      "dev": true,
      "funding": [
        {
          "type": "opencollective",
          "url": "https://opencollective.com/fakerjs"
        }
      ],
      "engines": {
        "node": "^14.17.0 || ^16.13.0 || >=18.0.0",
        "npm": ">=6.14.13"
      }
    },
    "node_modules/esm": {
      "version": "3.2.25",
      "resolved": "https://registry.npmjs.org/esm/-/esm-3.2.25.tgz",
      "integrity": "sha512-U1suiZ2oDVWv4zPO56S0NcR5QriEahGtdN2OR6FiOG4WJvcjBVFB0qI4+eKoWFH483PKGuLuu6V8Z4T5g63UVA==",
      "engines": {
        "node": ">=6"
      }
    }
  }
}
